// !$*UTF8*$!
{
	archiveVersion = 1;
	classes = {
	};
	objectVersion = 60;
	objects = {

/* Begin PBXBuildFile section */
		1A8CCA062F38387400BE5444 /* AppBundleModels.swift in Sources */ = {isa = PBXBuildFile; fileRef = 1A8CCA052F38387400BE5444 /* AppBundleModels.swift */; };
		1A8CCA082F3838B200BE5444 /* AppBundle.swift in Sources */ = {isa = PBXBuildFile; fileRef = 1A8CCA072F3838B200BE5444 /* AppBundle.swift */; };
		1A8CCA0A2F3838E000BE5444 /* AppBundleRepository.swift in Sources */ = {isa = PBXBuildFile; fileRef = 1A8CCA092F3838E000BE5444 /* AppBundleRepository.swift */; };
		1A8CCA0C2F38391800BE5444 /* AppBundleRepositoryTests.swift in Sources */ = {isa = PBXBuildFile; fileRef = 1A8CCA0B2F38391700BE5444 /* AppBundleRepositoryTests.swift */; };
		1A8CCA0E2F38391800BE5444 /* AppBundleSerializationTests.swift in Sources */ = {isa = PBXBuildFile; fileRef = 1A8CCA0D2F38391800BE5444 /* AppBundleSerializationTests.swift */; };
		1A8CCA102F384F6C00BE5444 /* BundleToolTests.swift in Sources */ = {isa = PBXBuildFile; fileRef = 1A8CCA0F2F384F6C00BE5444 /* BundleToolTests.swift */; };
		1A8CCA122F38558500BE5444 /* RepairCoordinator.swift in Sources */ = {isa = PBXBuildFile; fileRef = 1A8CCA112F38558500BE5444 /* RepairCoordinator.swift */; };
		1A8CCA142F38ED1300BE5444 /* LauncherView.swift in Sources */ = {isa = PBXBuildFile; fileRef = 1A8CCA132F38ED1300BE5444 /* LauncherView.swift */; };
		1A8CCA162F38ED2500BE5444 /* AppCanvasView.swift in Sources */ = {isa = PBXBuildFile; fileRef = 1A8CCA152F38ED2500BE5444 /* AppCanvasView.swift */; };
		1A8CCA182F38ED2500BE5444 /* AgentOverlayView.swift in Sources */ = {isa = PBXBuildFile; fileRef = 1A8CCA172F38ED2500BE5444 /* AgentOverlayView.swift */; };
		1A8CCA1A2F38EEF600BE5444 /* ConversationTimeline.swift in Sources */ = {isa = PBXBuildFile; fileRef = 1A8CCA192F38EEF600BE5444 /* ConversationTimeline.swift */; };
		1AF20D502F358267005FA9DC /* GRDB in Frameworks */ = {isa = PBXBuildFile; productRef = FA45E1BC6223511421635B5C /* GRDB */; };
		26C4594677D0CBEC24C31D80 /* ViewRegistry.swift in Sources */ = {isa = PBXBuildFile; fileRef = B38628645ABF3598D5B84BE6 /* ViewRegistry.swift */; };
		299551613970FB3C32EDE75C /* WASIImportRegistry.swift in Sources */ = {isa = PBXBuildFile; fileRef = DD0AEA80A1024330968982D6 /* WASIImportRegistry.swift */; };
		51E8E586A3E07D611994E298 /* TemplateRenderer.swift in Sources */ = {isa = PBXBuildFile; fileRef = E7795562C45E5BBD0D8F3AB1 /* TemplateRenderer.swift */; };
		5207F13AC4EFACA9FC563FB5 /* FoundationModelsTypes.swift in Sources */ = {isa = PBXBuildFile; fileRef = 603A4D60954F9BDAE56AC85C /* FoundationModelsTypes.swift */; };
		67748A744756A00A9DE44D71 /* EventHandler.swift in Sources */ = {isa = PBXBuildFile; fileRef = 4FFE639729C170C2695401F8 /* EventHandler.swift */; };
		9DFA1BAC1BE6FBA70A8D19E2 /* Log.swift in Sources */ = {isa = PBXBuildFile; fileRef = C3EB72373C65C1096DC1AE15 /* Log.swift */; };
		9FAB91D72CF8887F6D937BBB /* GeneratedWASMImports.swift in Sources */ = {isa = PBXBuildFile; fileRef = 19D4E21D556772A1657F55EE /* GeneratedWASMImports.swift */; };
		A029D9C7EDDD0FB353B49E8A /* DatabaseManager.swift in Sources */ = {isa = PBXBuildFile; fileRef = 5AF8E0F5F0D6A964AB5868FB /* DatabaseManager.swift */; };
		A1000001201A0001 /* EdgeAgentApp.swift in Sources */ = {isa = PBXBuildFile; fileRef = A1000001101A0001 /* EdgeAgentApp.swift */; };
		A1000002201A0001 /* ConfigManager.swift in Sources */ = {isa = PBXBuildFile; fileRef = A1000002101A0001 /* ConfigManager.swift */; };
		A1000003201A0001 /* AgentEvent.swift in Sources */ = {isa = PBXBuildFile; fileRef = A1000003101A0001 /* AgentEvent.swift */; };
		A1000005201A0001 /* SettingsView.swift in Sources */ = {isa = PBXBuildFile; fileRef = A1000005101A0001 /* SettingsView.swift */; };
		A1000008201A0001 /* Assets.xcassets in Resources */ = {isa = PBXBuildFile; fileRef = A1000008101A0001 /* Assets.xcassets */; };
		A1000009201A0001 /* WebRuntime in Resources */ = {isa = PBXBuildFile; fileRef = A1000009101A0001 /* WebRuntime */; };
		A1000010201A0001 /* SuperAppView.swift in Sources */ = {isa = PBXBuildFile; fileRef = A1000010101A0001 /* SuperAppView.swift */; };
		A1000011201A0001 /* ComponentLibrary.swift in Sources */ = {isa = PBXBuildFile; fileRef = A1000011101A0001 /* ComponentLibrary.swift */; };
		A1000012201A0001 /* MCPServer.swift in Sources */ = {isa = PBXBuildFile; fileRef = A1000012101A0001 /* MCPServer.swift */; };
		A2000001201A0001 /* ConfigManagerTests.swift in Sources */ = {isa = PBXBuildFile; fileRef = A2000001101A0001 /* ConfigManagerTests.swift */; };
		A2000002201A0001 /* AgentEventTests.swift in Sources */ = {isa = PBXBuildFile; fileRef = A2000002101A0001 /* AgentEventTests.swift */; };
		B1000001201A0001 /* MCP in Frameworks */ = {isa = PBXBuildFile; productRef = B1000001101A0001 /* MCP */; };
		B2000001201A0001 /* WasmKit in Frameworks */ = {isa = PBXBuildFile; productRef = B2000001101A0001 /* WasmKit */; };
		B2000002201A0001 /* WASI in Frameworks */ = {isa = PBXBuildFile; productRef = B2000002101A0001 /* WASI */; };
		B4B63E0F18B169C07EF597D5 /* NativeLoaderImplTests.swift in Sources */ = {isa = PBXBuildFile; fileRef = BE7DAA46AABB3E61631E6C57 /* NativeLoaderImplTests.swift */; };
		C1000001201A0001 /* NativeAgentHost.swift in Sources */ = {isa = PBXBuildFile; fileRef = C1000001101A0001 /* NativeAgentHost.swift */; };
		C8388861F46676946FAC5F31 /* FoundationModelsServer.swift in Sources */ = {isa = PBXBuildFile; fileRef = F7E3153B3E13BEFBC60FECB3 /* FoundationModelsServer.swift */; };
		F1000001201A0001 /* MCPSignatures.swift in Sources */ = {isa = PBXBuildFile; fileRef = F1000001101A0001 /* MCPSignatures.swift */; };
		K1000001201A0001 /* WASIP2Harness in Frameworks */ = {isa = PBXBuildFile; productRef = K1000001101A0001 /* WASIP2Harness */; };
		K2000001201A0001 /* WASIShims in Frameworks */ = {isa = PBXBuildFile; productRef = K2000001101A0001 /* WASIShims */; };
		K3000001201A0001 /* MCPServerKit in Frameworks */ = {isa = PBXBuildFile; productRef = K3000001101A0001 /* MCPServerKit */; };
/* End PBXBuildFile section */

/* Begin PBXContainerItemProxy section */
		A2000003101A0001 /* PBXContainerItemProxy */ = {
			isa = PBXContainerItemProxy;
			containerPortal = A1000000801A0001 /* Project object */;
			proxyType = 1;
			remoteGlobalIDString = A1000000401A0001;
			remoteInfo = EdgeAgent;
		};
/* End PBXContainerItemProxy section */

/* Begin PBXFileReference section */
		19D4E21D556772A1657F55EE /* GeneratedWASMImports.swift */ = {isa = PBXFileReference; includeInIndex = 1; lastKnownFileType = sourcecode.swift; path = GeneratedWASMImports.swift; sourceTree = "<group>"; };
		1A8CCA052F38387400BE5444 /* AppBundleModels.swift */ = {isa = PBXFileReference; lastKnownFileType = sourcecode.swift; path = AppBundleModels.swift; sourceTree = "<group>"; };
		1A8CCA072F3838B200BE5444 /* AppBundle.swift */ = {isa = PBXFileReference; lastKnownFileType = sourcecode.swift; path = AppBundle.swift; sourceTree = "<group>"; };
		1A8CCA092F3838E000BE5444 /* AppBundleRepository.swift */ = {isa = PBXFileReference; lastKnownFileType = sourcecode.swift; path = AppBundleRepository.swift; sourceTree = "<group>"; };
		1A8CCA0B2F38391700BE5444 /* AppBundleRepositoryTests.swift */ = {isa = PBXFileReference; lastKnownFileType = sourcecode.swift; path = AppBundleRepositoryTests.swift; sourceTree = "<group>"; };
		1A8CCA0D2F38391800BE5444 /* AppBundleSerializationTests.swift */ = {isa = PBXFileReference; lastKnownFileType = sourcecode.swift; path = AppBundleSerializationTests.swift; sourceTree = "<group>"; };
		1A8CCA0F2F384F6C00BE5444 /* BundleToolTests.swift */ = {isa = PBXFileReference; lastKnownFileType = sourcecode.swift; path = BundleToolTests.swift; sourceTree = "<group>"; };
		1A8CCA112F38558500BE5444 /* RepairCoordinator.swift */ = {isa = PBXFileReference; lastKnownFileType = sourcecode.swift; path = RepairCoordinator.swift; sourceTree = "<group>"; };
		1A8CCA132F38ED1300BE5444 /* LauncherView.swift */ = {isa = PBXFileReference; lastKnownFileType = sourcecode.swift; path = LauncherView.swift; sourceTree = "<group>"; };
		1A8CCA152F38ED2500BE5444 /* AppCanvasView.swift */ = {isa = PBXFileReference; lastKnownFileType = sourcecode.swift; path = AppCanvasView.swift; sourceTree = "<group>"; };
		1A8CCA172F38ED2500BE5444 /* AgentOverlayView.swift */ = {isa = PBXFileReference; lastKnownFileType = sourcecode.swift; path = AgentOverlayView.swift; sourceTree = "<group>"; };
		1A8CCA192F38EEF600BE5444 /* ConversationTimeline.swift */ = {isa = PBXFileReference; lastKnownFileType = sourcecode.swift; path = ConversationTimeline.swift; sourceTree = "<group>"; };
		4FFE639729C170C2695401F8 /* EventHandler.swift */ = {isa = PBXFileReference; includeInIndex = 1; lastKnownFileType = sourcecode.swift; path = EventHandler.swift; sourceTree = "<group>"; };
		5AF8E0F5F0D6A964AB5868FB /* DatabaseManager.swift */ = {isa = PBXFileReference; includeInIndex = 1; lastKnownFileType = sourcecode.swift; path = DatabaseManager.swift; sourceTree = "<group>"; };
		603A4D60954F9BDAE56AC85C /* FoundationModelsTypes.swift */ = {isa = PBXFileReference; includeInIndex = 1; lastKnownFileType = sourcecode.swift; name = FoundationModelsTypes.swift; path = EdgeAgent/Services/FoundationModelsTypes.swift; sourceTree = SOURCE_ROOT; };
		A1000000101A0001 /* EdgeAgent.app */ = {isa = PBXFileReference; explicitFileType = wrapper.application; includeInIndex = 0; path = EdgeAgent.app; sourceTree = BUILT_PRODUCTS_DIR; };
		A1000001101A0001 /* EdgeAgentApp.swift */ = {isa = PBXFileReference; lastKnownFileType = sourcecode.swift; path = EdgeAgentApp.swift; sourceTree = "<group>"; };
		A1000002101A0001 /* ConfigManager.swift */ = {isa = PBXFileReference; lastKnownFileType = sourcecode.swift; path = ConfigManager.swift; sourceTree = "<group>"; };
		A1000003101A0001 /* AgentEvent.swift */ = {isa = PBXFileReference; lastKnownFileType = sourcecode.swift; path = AgentEvent.swift; sourceTree = "<group>"; };
		A1000005101A0001 /* SettingsView.swift */ = {isa = PBXFileReference; lastKnownFileType = sourcecode.swift; path = SettingsView.swift; sourceTree = "<group>"; };
		A1000008101A0001 /* Assets.xcassets */ = {isa = PBXFileReference; lastKnownFileType = folder.assetcatalog; path = Assets.xcassets; sourceTree = "<group>"; };
		A1000009101A0001 /* WebRuntime */ = {isa = PBXFileReference; lastKnownFileType = folder; path = WebRuntime; sourceTree = "<group>"; };
		A100000A101A0001 /* Info.plist */ = {isa = PBXFileReference; lastKnownFileType = text.plist.xml; path = Info.plist; sourceTree = "<group>"; };
		A1000010101A0001 /* SuperAppView.swift */ = {isa = PBXFileReference; lastKnownFileType = sourcecode.swift; path = SuperAppView.swift; sourceTree = "<group>"; };
		A1000011101A0001 /* ComponentLibrary.swift */ = {isa = PBXFileReference; lastKnownFileType = sourcecode.swift; path = ComponentLibrary.swift; sourceTree = "<group>"; };
		A1000012101A0001 /* MCPServer.swift */ = {isa = PBXFileReference; lastKnownFileType = sourcecode.swift; path = MCPServer.swift; sourceTree = "<group>"; };
		A2000000101A0001 /* EdgeAgentTests.xctest */ = {isa = PBXFileReference; explicitFileType = wrapper.cfbundle; includeInIndex = 0; path = EdgeAgentTests.xctest; sourceTree = BUILT_PRODUCTS_DIR; };
		A2000001101A0001 /* ConfigManagerTests.swift */ = {isa = PBXFileReference; lastKnownFileType = sourcecode.swift; path = ConfigManagerTests.swift; sourceTree = "<group>"; };
		A2000002101A0001 /* AgentEventTests.swift */ = {isa = PBXFileReference; lastKnownFileType = sourcecode.swift; path = AgentEventTests.swift; sourceTree = "<group>"; };
		B38628645ABF3598D5B84BE6 /* ViewRegistry.swift */ = {isa = PBXFileReference; includeInIndex = 1; lastKnownFileType = sourcecode.swift; path = ViewRegistry.swift; sourceTree = "<group>"; };
		BE7DAA46AABB3E61631E6C57 /* NativeLoaderImplTests.swift */ = {isa = PBXFileReference; includeInIndex = 1; lastKnownFileType = sourcecode.swift; path = NativeLoaderImplTests.swift; sourceTree = "<group>"; };
		C1000001101A0001 /* NativeAgentHost.swift */ = {isa = PBXFileReference; lastKnownFileType = sourcecode.swift; path = NativeAgentHost.swift; sourceTree = "<group>"; };
		C3EB72373C65C1096DC1AE15 /* Log.swift */ = {isa = PBXFileReference; includeInIndex = 1; lastKnownFileType = sourcecode.swift; name = Log.swift; path = Utilities/Log.swift; sourceTree = "<group>"; };
		DD0AEA80A1024330968982D6 /* WASIImportRegistry.swift */ = {isa = PBXFileReference; includeInIndex = 1; lastKnownFileType = sourcecode.swift; path = WASIImportRegistry.swift; sourceTree = "<group>"; };
		E7795562C45E5BBD0D8F3AB1 /* TemplateRenderer.swift */ = {isa = PBXFileReference; includeInIndex = 1; lastKnownFileType = sourcecode.swift; path = TemplateRenderer.swift; sourceTree = "<group>"; };
		F1000001101A0001 /* MCPSignatures.swift */ = {isa = PBXFileReference; lastKnownFileType = sourcecode.swift; path = MCPSignatures.swift; sourceTree = "<group>"; };
		F7E3153B3E13BEFBC60FECB3 /* FoundationModelsServer.swift */ = {isa = PBXFileReference; includeInIndex = 1; lastKnownFileType = sourcecode.swift; name = FoundationModelsServer.swift; path = EdgeAgent/Services/FoundationModelsServer.swift; sourceTree = SOURCE_ROOT; };
/* End PBXFileReference section */

/* Begin PBXFrameworksBuildPhase section */
		A1000000301A0001 /* Frameworks */ = {
			isa = PBXFrameworksBuildPhase;
			buildActionMask = 2147483647;
			files = (
				1AF20D502F358267005FA9DC /* GRDB in Frameworks */,
				B1000001201A0001 /* MCP in Frameworks */,
				B2000001201A0001 /* WasmKit in Frameworks */,
				B2000002201A0001 /* WASI in Frameworks */,
				K1000001201A0001 /* WASIP2Harness in Frameworks */,
				K2000001201A0001 /* WASIShims in Frameworks */,
				K3000001201A0001 /* MCPServerKit in Frameworks */,
			);
			runOnlyForDeploymentPostprocessing = 0;
		};
		A2000000301A0001 /* Frameworks */ = {
			isa = PBXFrameworksBuildPhase;
			buildActionMask = 2147483647;
			files = (
			);
			runOnlyForDeploymentPostprocessing = 0;
		};
/* End PBXFrameworksBuildPhase section */

/* Begin PBXGroup section */
		2256003A9E3E1D5D69301C82 /* Utilities */ = {
			isa = PBXGroup;
			children = (
				C3EB72373C65C1096DC1AE15 /* Log.swift */,
			);
			name = Utilities;
			sourceTree = "<group>";
		};
		A1000000001A0001 = {
			isa = PBXGroup;
			children = (
				A1000000011A0001 /* EdgeAgent */,
				A2000000091A0001 /* EdgeAgentTests */,
				A1000000021A0001 /* Products */,
			);
			sourceTree = "<group>";
		};
		A1000000011A0001 /* EdgeAgent */ = {
			isa = PBXGroup;
			children = (
				A1000000031A0001 /* App */,
				A1000000041A0001 /* Views */,
				A1000000051A0001 /* ViewModels */,
				A1000000061A0001 /* Bridge */,
				A1000000071A0001 /* Models */,
				A1000000081A0001 /* Resources */,
				A100000A101A0001 /* Info.plist */,
				2256003A9E3E1D5D69301C82 /* Utilities */,
				D4EB283B069F45934448F505 /* Services */,
			);
			path = EdgeAgent;
			sourceTree = "<group>";
		};
		A1000000021A0001 /* Products */ = {
			isa = PBXGroup;
			children = (
				A1000000101A0001 /* EdgeAgent.app */,
				A2000000101A0001 /* EdgeAgentTests.xctest */,
			);
			name = Products;
			sourceTree = "<group>";
		};
		A1000000031A0001 /* App */ = {
			isa = PBXGroup;
			children = (
				A1000001101A0001 /* EdgeAgentApp.swift */,
			);
			path = App;
			sourceTree = "<group>";
		};
		A1000000041A0001 /* Views */ = {
			isa = PBXGroup;
			children = (
				A1000005101A0001 /* SettingsView.swift */,
				A1000010101A0001 /* SuperAppView.swift */,
				A1000011101A0001 /* ComponentLibrary.swift */,
				B38628645ABF3598D5B84BE6 /* ViewRegistry.swift */,
				E7795562C45E5BBD0D8F3AB1 /* TemplateRenderer.swift */,
				4FFE639729C170C2695401F8 /* EventHandler.swift */,
				5AF8E0F5F0D6A964AB5868FB /* DatabaseManager.swift */,
				1A8CCA052F38387400BE5444 /* AppBundleModels.swift */,
				1A8CCA072F3838B200BE5444 /* AppBundle.swift */,
				1A8CCA092F3838E000BE5444 /* AppBundleRepository.swift */,
				1A8CCA112F38558500BE5444 /* RepairCoordinator.swift */,
				1A8CCA132F38ED1300BE5444 /* LauncherView.swift */,
				1A8CCA152F38ED2500BE5444 /* AppCanvasView.swift */,
				1A8CCA172F38ED2500BE5444 /* AgentOverlayView.swift */,
				1A8CCA192F38EEF600BE5444 /* ConversationTimeline.swift */,
			);
			path = Views;
			sourceTree = "<group>";
		};
		A1000000051A0001 /* ViewModels */ = {
			isa = PBXGroup;
			children = (
			);
			path = ViewModels;
			sourceTree = "<group>";
		};
		A1000000061A0001 /* Bridge */ = {
			isa = PBXGroup;
			children = (
				A1000003101A0001 /* AgentEvent.swift */,
				A1000012101A0001 /* MCPServer.swift */,
				C1000001101A0001 /* NativeAgentHost.swift */,
				F1000001101A0001 /* MCPSignatures.swift */,
				19D4E21D556772A1657F55EE /* GeneratedWASMImports.swift */,
				DD0AEA80A1024330968982D6 /* WASIImportRegistry.swift */,
			);
			path = Bridge;
			sourceTree = "<group>";
		};
		A1000000071A0001 /* Models */ = {
			isa = PBXGroup;
			children = (
				A1000002101A0001 /* ConfigManager.swift */,
			);
			path = Models;
			sourceTree = "<group>";
		};
		A1000000081A0001 /* Resources */ = {
			isa = PBXGroup;
			children = (
				A1000008101A0001 /* Assets.xcassets */,
				A1000009101A0001 /* WebRuntime */,
			);
			path = Resources;
			sourceTree = "<group>";
		};
		A2000000091A0001 /* EdgeAgentTests */ = {
			isa = PBXGroup;
			children = (
				A2000001101A0001 /* ConfigManagerTests.swift */,
				A2000002101A0001 /* AgentEventTests.swift */,
				BE7DAA46AABB3E61631E6C57 /* NativeLoaderImplTests.swift */,
				1A8CCA0B2F38391700BE5444 /* AppBundleRepositoryTests.swift */,
				1A8CCA0D2F38391800BE5444 /* AppBundleSerializationTests.swift */,
				1A8CCA0F2F384F6C00BE5444 /* BundleToolTests.swift */,
			);
			path = EdgeAgentTests;
			sourceTree = "<group>";
		};
		D4EB283B069F45934448F505 /* Services */ = {
			isa = PBXGroup;
			children = (
				F7E3153B3E13BEFBC60FECB3 /* FoundationModelsServer.swift */,
				603A4D60954F9BDAE56AC85C /* FoundationModelsTypes.swift */,
			);
			path = Services;
			sourceTree = "<group>";
		};
/* End PBXGroup section */

/* Begin PBXNativeTarget section */
		A1000000401A0001 /* EdgeAgent */ = {
			isa = PBXNativeTarget;
			buildConfigurationList = A1000000601A0001 /* Build configuration list for PBXNativeTarget "EdgeAgent" */;
			buildPhases = (
				A1000000501A0001 /* Sources */,
				A1000000301A0001 /* Frameworks */,
				A1000000701A0001 /* Resources */,
			);
			buildRules = (
			);
			dependencies = (
			);
			name = EdgeAgent;
			packageProductDependencies = (
				B1000001101A0001 /* MCP */,
				B2000001101A0001 /* WasmKit */,
				B2000002101A0001 /* WASI */,
				K1000001101A0001 /* WASIP2Harness */,
				K2000001101A0001 /* WASIShims */,
				K3000001101A0001 /* MCPServerKit */,
				FA45E1BC6223511421635B5C /* GRDB */,
			);
			productName = EdgeAgent;
			productReference = A1000000101A0001 /* EdgeAgent.app */;
			productType = "com.apple.product-type.application";
		};
		A2000000401A0001 /* EdgeAgentTests */ = {
			isa = PBXNativeTarget;
			buildConfigurationList = A2000000601A0001 /* Build configuration list for PBXNativeTarget "EdgeAgentTests" */;
			buildPhases = (
				A2000000501A0001 /* Sources */,
				A2000000301A0001 /* Frameworks */,
				A2000000701A0001 /* Resources */,
			);
			buildRules = (
			);
			dependencies = (
				A2000004101A0001 /* PBXTargetDependency */,
			);
			name = EdgeAgentTests;
			productName = EdgeAgentTests;
			productReference = A2000000101A0001 /* EdgeAgentTests.xctest */;
			productType = "com.apple.product-type.bundle.unit-test";
		};
/* End PBXNativeTarget section */

/* Begin PBXProject section */
		A1000000801A0001 /* Project object */ = {
			isa = PBXProject;
			attributes = {
				BuildIndependentTargetsInParallel = 1;
				LastSwiftUpdateCheck = 1500;
				LastUpgradeCheck = 2630;
				TargetAttributes = {
					A1000000401A0001 = {
						CreatedOnToolsVersion = 15.0;
					};
					A2000000401A0001 = {
						CreatedOnToolsVersion = 15.0;
						TestTargetID = A1000000401A0001;
					};
				};
			};
			buildConfigurationList = A1000000901A0001 /* Build configuration list for PBXProject "EdgeAgent" */;
			compatibilityVersion = "Xcode 14.0";
			developmentRegion = en;
			hasScannedForEncodings = 0;
			knownRegions = (
				en,
				Base,
			);
			mainGroup = A1000000001A0001;
			packageReferences = (
				B1000000101A0001 /* XCRemoteSwiftPackageReference "swift-sdk" */,
				B2000000101A0001 /* XCRemoteSwiftPackageReference "WasmKit" */,
				L1000000101A0001 /* XCLocalSwiftPackageReference "WASIP2Harness" */,
				L2000000101A0001 /* XCLocalSwiftPackageReference "WASIShims" */,
				L3000000101A0001 /* XCLocalSwiftPackageReference "MCPServerKit" */,
				2BCF4831B0503D704A0CAFE2 /* XCRemoteSwiftPackageReference "GRDB" */,
			);
			productRefGroup = A1000000021A0001 /* Products */;
			projectDirPath = "";
			projectRoot = "";
			targets = (
				A1000000401A0001 /* EdgeAgent */,
				A2000000401A0001 /* EdgeAgentTests */,
			);
		};
/* End PBXProject section */

/* Begin PBXResourcesBuildPhase section */
		A1000000701A0001 /* Resources */ = {
			isa = PBXResourcesBuildPhase;
			buildActionMask = 2147483647;
			files = (
				A1000008201A0001 /* Assets.xcassets in Resources */,
				A1000009201A0001 /* WebRuntime in Resources */,
			);
			runOnlyForDeploymentPostprocessing = 0;
		};
		A2000000701A0001 /* Resources */ = {
			isa = PBXResourcesBuildPhase;
			buildActionMask = 2147483647;
			files = (
			);
			runOnlyForDeploymentPostprocessing = 0;
		};
/* End PBXResourcesBuildPhase section */

/* Begin PBXSourcesBuildPhase section */
		A1000000501A0001 /* Sources */ = {
			isa = PBXSourcesBuildPhase;
			buildActionMask = 2147483647;
			files = (
				A1000001201A0001 /* EdgeAgentApp.swift in Sources */,
				A1000002201A0001 /* ConfigManager.swift in Sources */,
				1A8CCA062F38387400BE5444 /* AppBundleModels.swift in Sources */,
				A1000003201A0001 /* AgentEvent.swift in Sources */,
				1A8CCA0A2F3838E000BE5444 /* AppBundleRepository.swift in Sources */,
				A1000005201A0001 /* SettingsView.swift in Sources */,
				1A8CCA142F38ED1300BE5444 /* LauncherView.swift in Sources */,
				A1000010201A0001 /* SuperAppView.swift in Sources */,
				1A8CCA122F38558500BE5444 /* RepairCoordinator.swift in Sources */,
				A1000011201A0001 /* ComponentLibrary.swift in Sources */,
				A1000012201A0001 /* MCPServer.swift in Sources */,
				C1000001201A0001 /* NativeAgentHost.swift in Sources */,
				1A8CCA082F3838B200BE5444 /* AppBundle.swift in Sources */,
				F1000001201A0001 /* MCPSignatures.swift in Sources */,
				9DFA1BAC1BE6FBA70A8D19E2 /* Log.swift in Sources */,
				9FAB91D72CF8887F6D937BBB /* GeneratedWASMImports.swift in Sources */,
				299551613970FB3C32EDE75C /* WASIImportRegistry.swift in Sources */,
				26C4594677D0CBEC24C31D80 /* ViewRegistry.swift in Sources */,
				51E8E586A3E07D611994E298 /* TemplateRenderer.swift in Sources */,
				67748A744756A00A9DE44D71 /* EventHandler.swift in Sources */,
				1A8CCA182F38ED2500BE5444 /* AgentOverlayView.swift in Sources */,
				A029D9C7EDDD0FB353B49E8A /* DatabaseManager.swift in Sources */,
				C8388861F46676946FAC5F31 /* FoundationModelsServer.swift in Sources */,
				1A8CCA1A2F38EEF600BE5444 /* ConversationTimeline.swift in Sources */,
				1A8CCA162F38ED2500BE5444 /* AppCanvasView.swift in Sources */,
				5207F13AC4EFACA9FC563FB5 /* FoundationModelsTypes.swift in Sources */,
			);
			runOnlyForDeploymentPostprocessing = 0;
		};
		A2000000501A0001 /* Sources */ = {
			isa = PBXSourcesBuildPhase;
			buildActionMask = 2147483647;
			files = (
				A2000001201A0001 /* ConfigManagerTests.swift in Sources */,
				A2000002201A0001 /* AgentEventTests.swift in Sources */,
				B4B63E0F18B169C07EF597D5 /* NativeLoaderImplTests.swift in Sources */,
				1A8CCA102F384F6C00BE5444 /* BundleToolTests.swift in Sources */,
				1A8CCA0E2F38391800BE5444 /* AppBundleSerializationTests.swift in Sources */,
				1A8CCA0C2F38391800BE5444 /* AppBundleRepositoryTests.swift in Sources */,
			);
			runOnlyForDeploymentPostprocessing = 0;
		};
/* End PBXSourcesBuildPhase section */

/* Begin PBXTargetDependency section */
		A2000004101A0001 /* PBXTargetDependency */ = {
			isa = PBXTargetDependency;
			target = A1000000401A0001 /* EdgeAgent */;
			targetProxy = A2000003101A0001 /* PBXContainerItemProxy */;
		};
/* End PBXTargetDependency section */

/* Begin XCBuildConfiguration section */
		A1000000A01A0001 /* Debug */ = {
			isa = XCBuildConfiguration;
			buildSettings = {
				ALWAYS_SEARCH_USER_PATHS = NO;
				ASSETCATALOG_COMPILER_APPICON_NAME = AppIcon;
				ASSETCATALOG_COMPILER_GENERATE_SWIFT_ASSET_SYMBOL_EXTENSIONS = YES;
				ASSETCATALOG_COMPILER_GLOBAL_ACCENT_COLOR_NAME = AccentColor;
				CLANG_ANALYZER_NONNULL = YES;
				CLANG_ANALYZER_NUMBER_OBJECT_CONVERSION = YES_AGGRESSIVE;
				CLANG_CXX_LANGUAGE_STANDARD = "gnu++20";
				CLANG_ENABLE_MODULES = YES;
				CLANG_ENABLE_OBJC_ARC = YES;
				CLANG_ENABLE_OBJC_WEAK = YES;
				CLANG_WARN_BLOCK_CAPTURE_AUTORELEASING = YES;
				CLANG_WARN_BOOL_CONVERSION = YES;
				CLANG_WARN_COMMA = YES;
				CLANG_WARN_CONSTANT_CONVERSION = YES;
				CLANG_WARN_DEPRECATED_OBJC_IMPLEMENTATIONS = YES;
				CLANG_WARN_DIRECT_OBJC_ISA_USAGE = YES_ERROR;
				CLANG_WARN_DOCUMENTATION_COMMENTS = YES;
				CLANG_WARN_EMPTY_BODY = YES;
				CLANG_WARN_ENUM_CONVERSION = YES;
				CLANG_WARN_INFINITE_RECURSION = YES;
				CLANG_WARN_INT_CONVERSION = YES;
				CLANG_WARN_NON_LITERAL_NULL_CONVERSION = YES;
				CLANG_WARN_OBJC_IMPLICIT_RETAIN_SELF = YES;
				CLANG_WARN_OBJC_LITERAL_CONVERSION = YES;
				CLANG_WARN_OBJC_ROOT_CLASS = YES_ERROR;
				CLANG_WARN_QUOTED_INCLUDE_IN_FRAMEWORK_HEADER = YES;
				CLANG_WARN_RANGE_LOOP_ANALYSIS = YES;
				CLANG_WARN_STRICT_PROTOTYPES = YES;
				CLANG_WARN_SUSPICIOUS_MOVE = YES;
				CLANG_WARN_UNGUARDED_AVAILABILITY = YES_AGGRESSIVE;
				CLANG_WARN_UNREACHABLE_CODE = YES;
				CLANG_WARN__DUPLICATE_METHOD_MATCH = YES;
				COPY_PHASE_STRIP = NO;
				DEBUG_INFORMATION_FORMAT = dwarf;
				ENABLE_STRICT_OBJC_MSGSEND = YES;
				ENABLE_TESTABILITY = YES;
				ENABLE_USER_SCRIPT_SANDBOXING = YES;
				GCC_C_LANGUAGE_STANDARD = gnu17;
				GCC_DYNAMIC_NO_PIC = NO;
				GCC_NO_COMMON_BLOCKS = YES;
				GCC_OPTIMIZATION_LEVEL = 0;
				GCC_PREPROCESSOR_DEFINITIONS = (
					"DEBUG=1",
					"$(inherited)",
				);
				GCC_TREAT_WARNINGS_AS_ERRORS = YES;
				GCC_WARN_64_TO_32_BIT_CONVERSION = YES;
				GCC_WARN_ABOUT_RETURN_TYPE = YES_ERROR;
				GCC_WARN_UNDECLARED_SELECTOR = YES;
				GCC_WARN_UNINITIALIZED_AUTOS = YES_AGGRESSIVE;
				GCC_WARN_UNUSED_FUNCTION = YES;
				GCC_WARN_UNUSED_VARIABLE = YES;
				IPHONEOS_DEPLOYMENT_TARGET = 18.0;
				LOCALIZATION_PREFERS_STRING_CATALOGS = YES;
				MTL_ENABLE_DEBUG_INFO = INCLUDE_SOURCE;
				MTL_FAST_MATH = YES;
				ONLY_ACTIVE_ARCH = YES;
				SDKROOT = iphoneos;
				STRING_CATALOG_GENERATE_SYMBOLS = YES;
				SWIFT_ACTIVE_COMPILATION_CONDITIONS = "DEBUG $(inherited)";
				SWIFT_OPTIMIZATION_LEVEL = "-Onone";
				SWIFT_TREAT_WARNINGS_AS_ERRORS = YES;
			};
			name = Debug;
		};
		A1000000B01A0001 /* Release */ = {
			isa = XCBuildConfiguration;
			buildSettings = {
				ALWAYS_SEARCH_USER_PATHS = NO;
				ASSETCATALOG_COMPILER_APPICON_NAME = AppIcon;
				ASSETCATALOG_COMPILER_GENERATE_SWIFT_ASSET_SYMBOL_EXTENSIONS = YES;
				ASSETCATALOG_COMPILER_GLOBAL_ACCENT_COLOR_NAME = AccentColor;
				CLANG_ANALYZER_NONNULL = YES;
				CLANG_ANALYZER_NUMBER_OBJECT_CONVERSION = YES_AGGRESSIVE;
				CLANG_CXX_LANGUAGE_STANDARD = "gnu++20";
				CLANG_ENABLE_MODULES = YES;
				CLANG_ENABLE_OBJC_ARC = YES;
				CLANG_ENABLE_OBJC_WEAK = YES;
				CLANG_WARN_BLOCK_CAPTURE_AUTORELEASING = YES;
				CLANG_WARN_BOOL_CONVERSION = YES;
				CLANG_WARN_COMMA = YES;
				CLANG_WARN_CONSTANT_CONVERSION = YES;
				CLANG_WARN_DEPRECATED_OBJC_IMPLEMENTATIONS = YES;
				CLANG_WARN_DIRECT_OBJC_ISA_USAGE = YES_ERROR;
				CLANG_WARN_DOCUMENTATION_COMMENTS = YES;
				CLANG_WARN_EMPTY_BODY = YES;
				CLANG_WARN_ENUM_CONVERSION = YES;
				CLANG_WARN_INFINITE_RECURSION = YES;
				CLANG_WARN_INT_CONVERSION = YES;
				CLANG_WARN_NON_LITERAL_NULL_CONVERSION = YES;
				CLANG_WARN_OBJC_IMPLICIT_RETAIN_SELF = YES;
				CLANG_WARN_OBJC_LITERAL_CONVERSION = YES;
				CLANG_WARN_OBJC_ROOT_CLASS = YES_ERROR;
				CLANG_WARN_QUOTED_INCLUDE_IN_FRAMEWORK_HEADER = YES;
				CLANG_WARN_RANGE_LOOP_ANALYSIS = YES;
				CLANG_WARN_STRICT_PROTOTYPES = YES;
				CLANG_WARN_SUSPICIOUS_MOVE = YES;
				CLANG_WARN_UNGUARDED_AVAILABILITY = YES_AGGRESSIVE;
				CLANG_WARN_UNREACHABLE_CODE = YES;
				CLANG_WARN__DUPLICATE_METHOD_MATCH = YES;
				COPY_PHASE_STRIP = NO;
				DEBUG_INFORMATION_FORMAT = "dwarf-with-dsym";
				ENABLE_NS_ASSERTIONS = NO;
				ENABLE_STRICT_OBJC_MSGSEND = YES;
				ENABLE_USER_SCRIPT_SANDBOXING = YES;
				GCC_C_LANGUAGE_STANDARD = gnu17;
				GCC_NO_COMMON_BLOCKS = YES;
				GCC_TREAT_WARNINGS_AS_ERRORS = YES;
				GCC_WARN_64_TO_32_BIT_CONVERSION = YES;
				GCC_WARN_ABOUT_RETURN_TYPE = YES_ERROR;
				GCC_WARN_UNDECLARED_SELECTOR = YES;
				GCC_WARN_UNINITIALIZED_AUTOS = YES_AGGRESSIVE;
				GCC_WARN_UNUSED_FUNCTION = YES;
				GCC_WARN_UNUSED_VARIABLE = YES;
				IPHONEOS_DEPLOYMENT_TARGET = 18.0;
				LOCALIZATION_PREFERS_STRING_CATALOGS = YES;
				MTL_ENABLE_DEBUG_INFO = NO;
				MTL_FAST_MATH = YES;
				SDKROOT = iphoneos;
				STRING_CATALOG_GENERATE_SYMBOLS = YES;
				SWIFT_COMPILATION_MODE = wholemodule;
				SWIFT_TREAT_WARNINGS_AS_ERRORS = YES;
				VALIDATE_PRODUCT = YES;
			};
			name = Release;
		};
		A1000000C01A0001 /* Debug */ = {
			isa = XCBuildConfiguration;
			buildSettings = {
				CODE_SIGN_STYLE = Automatic;
				CURRENT_PROJECT_VERSION = 1;
				DEVELOPMENT_TEAM = Z5SQT9Z88N;
				GENERATE_INFOPLIST_FILE = YES;
				INFOPLIST_FILE = EdgeAgent/Info.plist;
				INFOPLIST_KEY_UIApplicationSceneManifest_Generation = YES;
				INFOPLIST_KEY_UIApplicationSupportsIndirectInputEvents = YES;
				INFOPLIST_KEY_UILaunchScreen_Generation = YES;
				INFOPLIST_KEY_UISupportedInterfaceOrientations_iPad = "UIInterfaceOrientationPortrait UIInterfaceOrientationPortraitUpsideDown UIInterfaceOrientationLandscapeLeft UIInterfaceOrientationLandscapeRight";
				INFOPLIST_KEY_UISupportedInterfaceOrientations_iPhone = "UIInterfaceOrientationPortrait UIInterfaceOrientationLandscapeLeft UIInterfaceOrientationLandscapeRight";
				LD_RUNPATH_SEARCH_PATHS = (
					"$(inherited)",
					"@executable_path/Frameworks",
				);
				MARKETING_VERSION = 1.0;
				PRODUCT_BUNDLE_IDENTIFIER = com.webagent.edgeagent;
				PRODUCT_NAME = "$(TARGET_NAME)";
				SWIFT_EMIT_LOC_STRINGS = YES;
				SWIFT_TREAT_WARNINGS_AS_ERRORS = YES;
				SWIFT_VERSION = 5.0;
				TARGETED_DEVICE_FAMILY = "1,2";
			};
			name = Debug;
		};
		A1000000D01A0001 /* Release */ = {
			isa = XCBuildConfiguration;
			buildSettings = {
				CODE_SIGN_STYLE = Automatic;
				CURRENT_PROJECT_VERSION = 1;
				DEVELOPMENT_TEAM = Z5SQT9Z88N;
				GENERATE_INFOPLIST_FILE = YES;
				INFOPLIST_FILE = EdgeAgent/Info.plist;
				INFOPLIST_KEY_UIApplicationSceneManifest_Generation = YES;
				INFOPLIST_KEY_UIApplicationSupportsIndirectInputEvents = YES;
				INFOPLIST_KEY_UILaunchScreen_Generation = YES;
				INFOPLIST_KEY_UISupportedInterfaceOrientations_iPad = "UIInterfaceOrientationPortrait UIInterfaceOrientationPortraitUpsideDown UIInterfaceOrientationLandscapeLeft UIInterfaceOrientationLandscapeRight";
				INFOPLIST_KEY_UISupportedInterfaceOrientations_iPhone = "UIInterfaceOrientationPortrait UIInterfaceOrientationLandscapeLeft UIInterfaceOrientationLandscapeRight";
				LD_RUNPATH_SEARCH_PATHS = (
					"$(inherited)",
					"@executable_path/Frameworks",
				);
				MARKETING_VERSION = 1.0;
				PRODUCT_BUNDLE_IDENTIFIER = com.webagent.edgeagent;
				PRODUCT_NAME = "$(TARGET_NAME)";
				SWIFT_EMIT_LOC_STRINGS = YES;
				SWIFT_TREAT_WARNINGS_AS_ERRORS = YES;
				SWIFT_VERSION = 5.0;
				TARGETED_DEVICE_FAMILY = "1,2";
			};
			name = Release;
		};
		A2000000C01A0001 /* Debug */ = {
			isa = XCBuildConfiguration;
			buildSettings = {
				BUNDLE_LOADER = "$(TEST_HOST)";
				CODE_SIGN_STYLE = Automatic;
				CURRENT_PROJECT_VERSION = 1;
				DEVELOPMENT_TEAM = "";
				GENERATE_INFOPLIST_FILE = YES;
				IPHONEOS_DEPLOYMENT_TARGET = 18.0;
				MARKETING_VERSION = 1.0;
				PRODUCT_BUNDLE_IDENTIFIER = com.webagent.edgeagent.tests;
				PRODUCT_NAME = "$(TARGET_NAME)";
				SWIFT_EMIT_LOC_STRINGS = NO;
				SWIFT_TREAT_WARNINGS_AS_ERRORS = YES;
				SWIFT_VERSION = 5.0;
				TARGETED_DEVICE_FAMILY = "1,2";
				TEST_HOST = "$(BUILT_PRODUCTS_DIR)/EdgeAgent.app/$(BUNDLE_EXECUTABLE_FOLDER_PATH)/EdgeAgent";
			};
			name = Debug;
		};
		A2000000D01A0001 /* Release */ = {
			isa = XCBuildConfiguration;
			buildSettings = {
				BUNDLE_LOADER = "$(TEST_HOST)";
				CODE_SIGN_STYLE = Automatic;
				CURRENT_PROJECT_VERSION = 1;
				DEVELOPMENT_TEAM = "";
				GENERATE_INFOPLIST_FILE = YES;
				IPHONEOS_DEPLOYMENT_TARGET = 18.0;
				MARKETING_VERSION = 1.0;
				PRODUCT_BUNDLE_IDENTIFIER = com.webagent.edgeagent.tests;
				PRODUCT_NAME = "$(TARGET_NAME)";
				SWIFT_EMIT_LOC_STRINGS = NO;
				SWIFT_TREAT_WARNINGS_AS_ERRORS = YES;
				SWIFT_VERSION = 5.0;
				TARGETED_DEVICE_FAMILY = "1,2";
				TEST_HOST = "$(BUILT_PRODUCTS_DIR)/EdgeAgent.app/$(BUNDLE_EXECUTABLE_FOLDER_PATH)/EdgeAgent";
			};
			name = Release;
		};
/* End XCBuildConfiguration section */

/* Begin XCConfigurationList section */
		A1000000601A0001 /* Build configuration list for PBXNativeTarget "EdgeAgent" */ = {
			isa = XCConfigurationList;
			buildConfigurations = (
				A1000000C01A0001 /* Debug */,
				A1000000D01A0001 /* Release */,
			);
			defaultConfigurationIsVisible = 0;
			defaultConfigurationName = Release;
		};
		A1000000901A0001 /* Build configuration list for PBXProject "EdgeAgent" */ = {
			isa = XCConfigurationList;
			buildConfigurations = (
				A1000000A01A0001 /* Debug */,
				A1000000B01A0001 /* Release */,
			);
			defaultConfigurationIsVisible = 0;
			defaultConfigurationName = Release;
		};
		A2000000601A0001 /* Build configuration list for PBXNativeTarget "EdgeAgentTests" */ = {
			isa = XCConfigurationList;
			buildConfigurations = (
				A2000000C01A0001 /* Debug */,
				A2000000D01A0001 /* Release */,
			);
			defaultConfigurationIsVisible = 0;
			defaultConfigurationName = Release;
		};
/* End XCConfigurationList section */

/* Begin XCLocalSwiftPackageReference section */
		L1000000101A0001 /* XCLocalSwiftPackageReference "WASIP2Harness" */ = {
			isa = XCLocalSwiftPackageReference;
			relativePath = WASIP2Harness;
		};
		L2000000101A0001 /* XCLocalSwiftPackageReference "WASIShims" */ = {
			isa = XCLocalSwiftPackageReference;
			relativePath = WASIShims;
		};
		L3000000101A0001 /* XCLocalSwiftPackageReference "MCPServerKit" */ = {
			isa = XCLocalSwiftPackageReference;
			relativePath = MCPServerKit;
		};
/* End XCLocalSwiftPackageReference section */

/* Begin XCRemoteSwiftPackageReference section */
		2BCF4831B0503D704A0CAFE2 /* XCRemoteSwiftPackageReference "GRDB" */ = {
			isa = XCRemoteSwiftPackageReference;
			repositoryURL = "https://github.com/groue/GRDB.swift";
			requirement = {
				kind = upToNextMajorVersion;
				minimumVersion = 7.0.0;
			};
		};
		B1000000101A0001 /* XCRemoteSwiftPackageReference "swift-sdk" */ = {
			isa = XCRemoteSwiftPackageReference;
			repositoryURL = "https://github.com/modelcontextprotocol/swift-sdk.git";
			requirement = {
				kind = upToNextMajorVersion;
				minimumVersion = 0.8.2;
			};
		};
		B2000000101A0001 /* XCRemoteSwiftPackageReference "WasmKit" */ = {
			isa = XCRemoteSwiftPackageReference;
			repositoryURL = "https://github.com/swiftwasm/WasmKit.git";
			requirement = {
				branch = main;
				kind = branch;
			};
		};
/* End XCRemoteSwiftPackageReference section */

/* Begin XCSwiftPackageProductDependency section */
		B1000001101A0001 /* MCP */ = {
			isa = XCSwiftPackageProductDependency;
			package = B1000000101A0001 /* XCRemoteSwiftPackageReference "swift-sdk" */;
			productName = MCP;
		};
		B2000001101A0001 /* WasmKit */ = {
			isa = XCSwiftPackageProductDependency;
			package = B2000000101A0001 /* XCRemoteSwiftPackageReference "WasmKit" */;
			productName = WasmKit;
		};
		B2000002101A0001 /* WASI */ = {
			isa = XCSwiftPackageProductDependency;
			package = B2000000101A0001 /* XCRemoteSwiftPackageReference "WasmKit" */;
			productName = WASI;
		};
		FA45E1BC6223511421635B5C /* GRDB */ = {
			isa = XCSwiftPackageProductDependency;
			package = 2BCF4831B0503D704A0CAFE2 /* XCRemoteSwiftPackageReference "GRDB" */;
			productName = GRDB;
		};
		K1000001101A0001 /* WASIP2Harness */ = {
			isa = XCSwiftPackageProductDependency;
			productName = WASIP2Harness;
		};
		K2000001101A0001 /* WASIShims */ = {
			isa = XCSwiftPackageProductDependency;
			productName = WASIShims;
		};
		K3000001101A0001 /* MCPServerKit */ = {
			isa = XCSwiftPackageProductDependency;
			productName = MCPServerKit;
		};
/* End XCSwiftPackageProductDependency section */
	};
	rootObject = A1000000801A0001 /* Project object */;
}
