// !$*UTF8*$!
{
	archiveVersion = 1;
	classes = {
	};
	objectVersion = 56;
	objects = {

/* Begin PBXBuildFile section */
		09596547996FFACB30242F7B /* WASIProvider.swift in Sources */ = {isa = PBXBuildFile; fileRef = 116FA3B9B48CB14AF467D4DC /* WASIProvider.swift */; };
		10E5F05345D327A51767F2C8 /* Preview1Provider.swift in Sources */ = {isa = PBXBuildFile; fileRef = 5DA979225218207F99BF0865 /* Preview1Provider.swift */; };
		28A31EBA52AE66EC97DB23D3 /* SocketsProvider.swift in Sources */ = {isa = PBXBuildFile; fileRef = 6EB171AC6C3B207ABE16552F /* SocketsProvider.swift */; };
		299551613970FB3C32EDE75C /* WASIImportRegistry.swift in Sources */ = {isa = PBXBuildFile; fileRef = DD0AEA80A1024330968982D6 /* WASIImportRegistry.swift */; };
		2CA4BAB444416E9FE42A75C2 /* HttpOutgoingHandlerProvider.swift in Sources */ = {isa = PBXBuildFile; fileRef = 393251FB0B1C206E4D4CB382 /* HttpOutgoingHandlerProvider.swift */; };
		4D5544423630538E9DE6C073 /* IoStreamsProvider.swift in Sources */ = {isa = PBXBuildFile; fileRef = 86EC6DCA5B52126816207E39 /* IoStreamsProvider.swift */; };
		68FED53B5EA45B371A6D0822 /* RandomProvider.swift in Sources */ = {isa = PBXBuildFile; fileRef = 8EB821B614A05F85E65C240C /* RandomProvider.swift */; };
		6BF183642097D4DABEB3EEC2 /* NativeLoaderImpl.swift in Sources */ = {isa = PBXBuildFile; fileRef = A9383E0DE4D962844DC37077 /* NativeLoaderImpl.swift */; };
		6F96EC3EB4B6C34B89C6AB0C /* WASISignatures.swift in Sources */ = {isa = PBXBuildFile; fileRef = 6C105A64D18A85AAB833F655 /* WASISignatures.swift */; };
		907221EEAFFB26761CF54809 /* IoErrorProvider.swift in Sources */ = {isa = PBXBuildFile; fileRef = CD7700D0E1F69C46D3AE9E41 /* IoErrorProvider.swift */; };
		9DFA1BAC1BE6FBA70A8D19E2 /* Log.swift in Sources */ = {isa = PBXBuildFile; fileRef = C3EB72373C65C1096DC1AE15 /* Log.swift */; };
		9FAB91D72CF8887F6D937BBB /* GeneratedWASMImports.swift in Sources */ = {isa = PBXBuildFile; fileRef = 19D4E21D556772A1657F55EE /* GeneratedWASMImports.swift */; };
		A1000001201A0001 /* EdgeAgentApp.swift in Sources */ = {isa = PBXBuildFile; fileRef = A1000001101A0001 /* EdgeAgentApp.swift */; };
		A1000002201A0001 /* ConfigManager.swift in Sources */ = {isa = PBXBuildFile; fileRef = A1000002101A0001 /* ConfigManager.swift */; };
		A1000003201A0001 /* AgentEvent.swift in Sources */ = {isa = PBXBuildFile; fileRef = A1000003101A0001 /* AgentEvent.swift */; };
		A1000005201A0001 /* SettingsView.swift in Sources */ = {isa = PBXBuildFile; fileRef = A1000005101A0001 /* SettingsView.swift */; };
		A1000008201A0001 /* Assets.xcassets in Resources */ = {isa = PBXBuildFile; fileRef = A1000008101A0001 /* Assets.xcassets */; };
		A1000009201A0001 /* WebRuntime in Resources */ = {isa = PBXBuildFile; fileRef = A1000009101A0001 /* WebRuntime */; };
		A1000010201A0001 /* MealMindView.swift in Sources */ = {isa = PBXBuildFile; fileRef = A1000010101A0001 /* MealMindView.swift */; };
		A1000011201A0001 /* ComponentLibrary.swift in Sources */ = {isa = PBXBuildFile; fileRef = A1000011101A0001 /* ComponentLibrary.swift */; };
		A1000012201A0001 /* MCPServer.swift in Sources */ = {isa = PBXBuildFile; fileRef = A1000012101A0001 /* MCPServer.swift */; };
		A2000001201A0001 /* ConfigManagerTests.swift in Sources */ = {isa = PBXBuildFile; fileRef = A2000001101A0001 /* ConfigManagerTests.swift */; };
		A2000002201A0001 /* AgentEventTests.swift in Sources */ = {isa = PBXBuildFile; fileRef = A2000002101A0001 /* AgentEventTests.swift */; };
		B1000001201A0001 /* MCP in Frameworks */ = {isa = PBXBuildFile; productRef = B1000001101A0001 /* MCP */; };
		B2000001201A0001 /* WasmKit in Frameworks */ = {isa = PBXBuildFile; productRef = B2000001101A0001 /* WasmKit */; };
		B2000002201A0001 /* WASI in Frameworks */ = {isa = PBXBuildFile; productRef = B2000002101A0001 /* WASI */; };
		B4B63E0F18B169C07EF597D5 /* NativeLoaderImplTests.swift in Sources */ = {isa = PBXBuildFile; fileRef = BE7DAA46AABB3E61631E6C57 /* NativeLoaderImplTests.swift */; };
		C1000001201A0001 /* NativeAgentHost.swift in Sources */ = {isa = PBXBuildFile; fileRef = C1000001101A0001 /* NativeAgentHost.swift */; };
		C92F94B3507A83BDB147C399 /* ClocksProvider.swift in Sources */ = {isa = PBXBuildFile; fileRef = A2EF02ADBFAD20EE516CE013 /* ClocksProvider.swift */; };
		D1000001201A0001 /* WasmKitTypes.swift in Sources */ = {isa = PBXBuildFile; fileRef = D1000001101A0001 /* WasmKitTypes.swift */; };
		DDAEB600AEA9BC272C5AF6A1 /* IoPollProvider.swift in Sources */ = {isa = PBXBuildFile; fileRef = 8A54A7E357622DF69BF38813 /* IoPollProvider.swift */; };
		DE0617F43D14F9676C1474AC /* ModuleLoaderProvider.swift in Sources */ = {isa = PBXBuildFile; fileRef = 40D1774313CB149A4E20BF22 /* ModuleLoaderProvider.swift */; };
		E1000001201A0001 /* NativeMCPHost.swift in Sources */ = {isa = PBXBuildFile; fileRef = E1000001101A0001 /* NativeMCPHost.swift */; };
		F1000001201A0001 /* MCPSignatures.swift in Sources */ = {isa = PBXBuildFile; fileRef = F1000001101A0001 /* MCPSignatures.swift */; };
		F19F02F80A4CAAC373D32F3A /* HttpTypesProvider.swift in Sources */ = {isa = PBXBuildFile; fileRef = FA3BB2A66D51EC3B5F4E7F8F /* HttpTypesProvider.swift */; };
		F9AF9C12A3AADFD882A67B06 /* CliProvider.swift in Sources */ = {isa = PBXBuildFile; fileRef = A6F89F844C84F057205D2070 /* CliProvider.swift */; };
		G1000001201A0001 /* SharedWASIImports.swift in Sources */ = {isa = PBXBuildFile; fileRef = G1000001101A0001 /* SharedWASIImports.swift */; };
		H1000001201A0001 /* SandboxFilesystem.swift in Sources */ = {isa = PBXBuildFile; fileRef = H1000001101A0001 /* SandboxFilesystem.swift */; };
		I1000001201A0001 /* LazyModuleRegistry.swift in Sources */ = {isa = PBXBuildFile; fileRef = I1000001101A0001 /* LazyModuleRegistry.swift */; };
		J1000001201A0001 /* WASMLazyProcess.swift in Sources */ = {isa = PBXBuildFile; fileRef = J1000001101A0001 /* WASMLazyProcess.swift */; };
/* End PBXBuildFile section */

/* Begin PBXContainerItemProxy section */
		A2000003101A0001 /* PBXContainerItemProxy */ = {
			isa = PBXContainerItemProxy;
			containerPortal = A1000000801A0001 /* Project object */;
			proxyType = 1;
			remoteGlobalIDString = A1000000401A0001;
			remoteInfo = EdgeAgent;
		};
/* End PBXContainerItemProxy section */

/* Begin PBXFileReference section */
		116FA3B9B48CB14AF467D4DC /* WASIProvider.swift */ = {isa = PBXFileReference; includeInIndex = 1; lastKnownFileType = sourcecode.swift; path = WASIProvider.swift; sourceTree = "<group>"; };
		19D4E21D556772A1657F55EE /* GeneratedWASMImports.swift */ = {isa = PBXFileReference; includeInIndex = 1; lastKnownFileType = sourcecode.swift; path = GeneratedWASMImports.swift; sourceTree = "<group>"; };
		393251FB0B1C206E4D4CB382 /* HttpOutgoingHandlerProvider.swift */ = {isa = PBXFileReference; includeInIndex = 1; lastKnownFileType = sourcecode.swift; name = HttpOutgoingHandlerProvider.swift; path = EdgeAgent/Bridge/HttpOutgoingHandlerProvider.swift; sourceTree = SOURCE_ROOT; };
		40D1774313CB149A4E20BF22 /* ModuleLoaderProvider.swift */ = {isa = PBXFileReference; includeInIndex = 1; lastKnownFileType = sourcecode.swift; path = ModuleLoaderProvider.swift; sourceTree = "<group>"; };
		5DA979225218207F99BF0865 /* Preview1Provider.swift */ = {isa = PBXFileReference; includeInIndex = 1; lastKnownFileType = sourcecode.swift; path = Preview1Provider.swift; sourceTree = "<group>"; };
		6C105A64D18A85AAB833F655 /* WASISignatures.swift */ = {isa = PBXFileReference; includeInIndex = 1; lastKnownFileType = sourcecode.swift; path = WASISignatures.swift; sourceTree = "<group>"; };
		6EB171AC6C3B207ABE16552F /* SocketsProvider.swift */ = {isa = PBXFileReference; includeInIndex = 1; lastKnownFileType = sourcecode.swift; name = SocketsProvider.swift; path = EdgeAgent/Bridge/SocketsProvider.swift; sourceTree = SOURCE_ROOT; };
		86EC6DCA5B52126816207E39 /* IoStreamsProvider.swift */ = {isa = PBXFileReference; includeInIndex = 1; lastKnownFileType = sourcecode.swift; name = IoStreamsProvider.swift; path = EdgeAgent/Bridge/IoStreamsProvider.swift; sourceTree = SOURCE_ROOT; };
		8A54A7E357622DF69BF38813 /* IoPollProvider.swift */ = {isa = PBXFileReference; includeInIndex = 1; lastKnownFileType = sourcecode.swift; name = IoPollProvider.swift; path = EdgeAgent/Bridge/IoPollProvider.swift; sourceTree = SOURCE_ROOT; };
		8EB821B614A05F85E65C240C /* RandomProvider.swift */ = {isa = PBXFileReference; includeInIndex = 1; lastKnownFileType = sourcecode.swift; name = RandomProvider.swift; path = EdgeAgent/Bridge/RandomProvider.swift; sourceTree = SOURCE_ROOT; };
		A1000000101A0001 /* EdgeAgent.app */ = {isa = PBXFileReference; explicitFileType = wrapper.application; includeInIndex = 0; path = EdgeAgent.app; sourceTree = BUILT_PRODUCTS_DIR; };
		A1000001101A0001 /* EdgeAgentApp.swift */ = {isa = PBXFileReference; lastKnownFileType = sourcecode.swift; path = EdgeAgentApp.swift; sourceTree = "<group>"; };
		A1000002101A0001 /* ConfigManager.swift */ = {isa = PBXFileReference; lastKnownFileType = sourcecode.swift; path = ConfigManager.swift; sourceTree = "<group>"; };
		A1000003101A0001 /* AgentEvent.swift */ = {isa = PBXFileReference; lastKnownFileType = sourcecode.swift; path = AgentEvent.swift; sourceTree = "<group>"; };
		A1000005101A0001 /* SettingsView.swift */ = {isa = PBXFileReference; lastKnownFileType = sourcecode.swift; path = SettingsView.swift; sourceTree = "<group>"; };
		A1000008101A0001 /* Assets.xcassets */ = {isa = PBXFileReference; lastKnownFileType = folder.assetcatalog; path = Assets.xcassets; sourceTree = "<group>"; };
		A1000009101A0001 /* WebRuntime */ = {isa = PBXFileReference; lastKnownFileType = folder; path = WebRuntime; sourceTree = "<group>"; };
		A100000A101A0001 /* Info.plist */ = {isa = PBXFileReference; lastKnownFileType = text.plist.xml; path = Info.plist; sourceTree = "<group>"; };
		A1000010101A0001 /* MealMindView.swift */ = {isa = PBXFileReference; lastKnownFileType = sourcecode.swift; path = MealMindView.swift; sourceTree = "<group>"; };
		A1000011101A0001 /* ComponentLibrary.swift */ = {isa = PBXFileReference; lastKnownFileType = sourcecode.swift; path = ComponentLibrary.swift; sourceTree = "<group>"; };
		A1000012101A0001 /* MCPServer.swift */ = {isa = PBXFileReference; lastKnownFileType = sourcecode.swift; path = MCPServer.swift; sourceTree = "<group>"; };
		A2000000101A0001 /* EdgeAgentTests.xctest */ = {isa = PBXFileReference; explicitFileType = wrapper.cfbundle; includeInIndex = 0; path = EdgeAgentTests.xctest; sourceTree = BUILT_PRODUCTS_DIR; };
		A2000001101A0001 /* ConfigManagerTests.swift */ = {isa = PBXFileReference; lastKnownFileType = sourcecode.swift; path = ConfigManagerTests.swift; sourceTree = "<group>"; };
		A2000002101A0001 /* AgentEventTests.swift */ = {isa = PBXFileReference; lastKnownFileType = sourcecode.swift; path = AgentEventTests.swift; sourceTree = "<group>"; };
		A2EF02ADBFAD20EE516CE013 /* ClocksProvider.swift */ = {isa = PBXFileReference; includeInIndex = 1; lastKnownFileType = sourcecode.swift; name = ClocksProvider.swift; path = EdgeAgent/Bridge/ClocksProvider.swift; sourceTree = SOURCE_ROOT; };
		A6F89F844C84F057205D2070 /* CliProvider.swift */ = {isa = PBXFileReference; includeInIndex = 1; lastKnownFileType = sourcecode.swift; name = CliProvider.swift; path = EdgeAgent/Bridge/CliProvider.swift; sourceTree = SOURCE_ROOT; };
		A9383E0DE4D962844DC37077 /* NativeLoaderImpl.swift */ = {isa = PBXFileReference; includeInIndex = 1; lastKnownFileType = sourcecode.swift; path = NativeLoaderImpl.swift; sourceTree = "<group>"; };
		BE7DAA46AABB3E61631E6C57 /* NativeLoaderImplTests.swift */ = {isa = PBXFileReference; includeInIndex = 1; lastKnownFileType = sourcecode.swift; path = NativeLoaderImplTests.swift; sourceTree = "<group>"; };
		C1000001101A0001 /* NativeAgentHost.swift */ = {isa = PBXFileReference; lastKnownFileType = sourcecode.swift; path = NativeAgentHost.swift; sourceTree = "<group>"; };
		C3EB72373C65C1096DC1AE15 /* Log.swift */ = {isa = PBXFileReference; includeInIndex = 1; lastKnownFileType = sourcecode.swift; name = Log.swift; path = Utilities/Log.swift; sourceTree = "<group>"; };
		CD7700D0E1F69C46D3AE9E41 /* IoErrorProvider.swift */ = {isa = PBXFileReference; includeInIndex = 1; lastKnownFileType = sourcecode.swift; name = IoErrorProvider.swift; path = EdgeAgent/Bridge/IoErrorProvider.swift; sourceTree = SOURCE_ROOT; };
		D1000001101A0001 /* WasmKitTypes.swift */ = {isa = PBXFileReference; lastKnownFileType = sourcecode.swift; path = WasmKitTypes.swift; sourceTree = "<group>"; };
		DD0AEA80A1024330968982D6 /* WASIImportRegistry.swift */ = {isa = PBXFileReference; includeInIndex = 1; lastKnownFileType = sourcecode.swift; path = WASIImportRegistry.swift; sourceTree = "<group>"; };
		E1000001101A0001 /* NativeMCPHost.swift */ = {isa = PBXFileReference; lastKnownFileType = sourcecode.swift; path = NativeMCPHost.swift; sourceTree = "<group>"; };
		F1000001101A0001 /* MCPSignatures.swift */ = {isa = PBXFileReference; lastKnownFileType = sourcecode.swift; path = MCPSignatures.swift; sourceTree = "<group>"; };
		FA3BB2A66D51EC3B5F4E7F8F /* HttpTypesProvider.swift */ = {isa = PBXFileReference; includeInIndex = 1; lastKnownFileType = sourcecode.swift; name = HttpTypesProvider.swift; path = EdgeAgent/Bridge/HttpTypesProvider.swift; sourceTree = SOURCE_ROOT; };
		G1000001101A0001 /* SharedWASIImports.swift */ = {isa = PBXFileReference; lastKnownFileType = sourcecode.swift; path = SharedWASIImports.swift; sourceTree = "<group>"; };
		H1000001101A0001 /* SandboxFilesystem.swift */ = {isa = PBXFileReference; lastKnownFileType = sourcecode.swift; path = SandboxFilesystem.swift; sourceTree = "<group>"; };
		I1000001101A0001 /* LazyModuleRegistry.swift */ = {isa = PBXFileReference; lastKnownFileType = sourcecode.swift; path = LazyModuleRegistry.swift; sourceTree = "<group>"; };
		J1000001101A0001 /* WASMLazyProcess.swift */ = {isa = PBXFileReference; lastKnownFileType = sourcecode.swift; path = WASMLazyProcess.swift; sourceTree = "<group>"; };
/* End PBXFileReference section */

/* Begin PBXFrameworksBuildPhase section */
		A1000000301A0001 /* Frameworks */ = {
			isa = PBXFrameworksBuildPhase;
			buildActionMask = 2147483647;
			files = (
				B1000001201A0001 /* MCP in Frameworks */,
				B2000001201A0001 /* WasmKit in Frameworks */,
				B2000002201A0001 /* WASI in Frameworks */,
			);
			runOnlyForDeploymentPostprocessing = 0;
		};
		A2000000301A0001 /* Frameworks */ = {
			isa = PBXFrameworksBuildPhase;
			buildActionMask = 2147483647;
			files = (
			);
			runOnlyForDeploymentPostprocessing = 0;
		};
/* End PBXFrameworksBuildPhase section */

/* Begin PBXGroup section */
		2256003A9E3E1D5D69301C82 /* Utilities */ = {
			isa = PBXGroup;
			children = (
				C3EB72373C65C1096DC1AE15 /* Log.swift */,
			);
			name = Utilities;
			sourceTree = "<group>";
		};
		A1000000001A0001 = {
			isa = PBXGroup;
			children = (
				A1000000011A0001 /* EdgeAgent */,
				A2000000091A0001 /* EdgeAgentTests */,
				A1000000021A0001 /* Products */,
			);
			sourceTree = "<group>";
		};
		A1000000011A0001 /* EdgeAgent */ = {
			isa = PBXGroup;
			children = (
				A1000000031A0001 /* App */,
				A1000000041A0001 /* Views */,
				A1000000051A0001 /* ViewModels */,
				A1000000061A0001 /* Bridge */,
				A1000000071A0001 /* Models */,
				A1000000081A0001 /* Resources */,
				A100000A101A0001 /* Info.plist */,
				2256003A9E3E1D5D69301C82 /* Utilities */,
			);
			path = EdgeAgent;
			sourceTree = "<group>";
		};
		A1000000021A0001 /* Products */ = {
			isa = PBXGroup;
			children = (
				A1000000101A0001 /* EdgeAgent.app */,
				A2000000101A0001 /* EdgeAgentTests.xctest */,
			);
			name = Products;
			sourceTree = "<group>";
		};
		A1000000031A0001 /* App */ = {
			isa = PBXGroup;
			children = (
				A1000001101A0001 /* EdgeAgentApp.swift */,
			);
			path = App;
			sourceTree = "<group>";
		};
		A1000000041A0001 /* Views */ = {
			isa = PBXGroup;
			children = (
				A1000005101A0001 /* SettingsView.swift */,
				A1000010101A0001 /* MealMindView.swift */,
				A1000011101A0001 /* ComponentLibrary.swift */,
			);
			path = Views;
			sourceTree = "<group>";
		};
		A1000000051A0001 /* ViewModels */ = {
			isa = PBXGroup;
			children = (
			);
			path = ViewModels;
			sourceTree = "<group>";
		};
		A1000000061A0001 /* Bridge */ = {
			isa = PBXGroup;
			children = (
				A1000003101A0001 /* AgentEvent.swift */,
				A1000012101A0001 /* MCPServer.swift */,
				C1000001101A0001 /* NativeAgentHost.swift */,
				E1000001101A0001 /* NativeMCPHost.swift */,
				D1000001101A0001 /* WasmKitTypes.swift */,
				6C105A64D18A85AAB833F655 /* WASISignatures.swift */,
				F1000001101A0001 /* MCPSignatures.swift */,
				G1000001101A0001 /* SharedWASIImports.swift */,
				H1000001101A0001 /* SandboxFilesystem.swift */,
				I1000001101A0001 /* LazyModuleRegistry.swift */,
				J1000001101A0001 /* WASMLazyProcess.swift */,
				A9383E0DE4D962844DC37077 /* NativeLoaderImpl.swift */,
				40D1774313CB149A4E20BF22 /* ModuleLoaderProvider.swift */,
				A2EF02ADBFAD20EE516CE013 /* ClocksProvider.swift */,
				A6F89F844C84F057205D2070 /* CliProvider.swift */,
				393251FB0B1C206E4D4CB382 /* HttpOutgoingHandlerProvider.swift */,
				FA3BB2A66D51EC3B5F4E7F8F /* HttpTypesProvider.swift */,
				CD7700D0E1F69C46D3AE9E41 /* IoErrorProvider.swift */,
				8A54A7E357622DF69BF38813 /* IoPollProvider.swift */,
				86EC6DCA5B52126816207E39 /* IoStreamsProvider.swift */,
				8EB821B614A05F85E65C240C /* RandomProvider.swift */,
				6EB171AC6C3B207ABE16552F /* SocketsProvider.swift */,
				116FA3B9B48CB14AF467D4DC /* WASIProvider.swift */,
				19D4E21D556772A1657F55EE /* GeneratedWASMImports.swift */,
				DD0AEA80A1024330968982D6 /* WASIImportRegistry.swift */,
				5DA979225218207F99BF0865 /* Preview1Provider.swift */,
			);
			path = Bridge;
			sourceTree = "<group>";
		};
		A1000000071A0001 /* Models */ = {
			isa = PBXGroup;
			children = (
				A1000002101A0001 /* ConfigManager.swift */,
			);
			path = Models;
			sourceTree = "<group>";
		};
		A1000000081A0001 /* Resources */ = {
			isa = PBXGroup;
			children = (
				A1000008101A0001 /* Assets.xcassets */,
				A1000009101A0001 /* WebRuntime */,
			);
			path = Resources;
			sourceTree = "<group>";
		};
		A2000000091A0001 /* EdgeAgentTests */ = {
			isa = PBXGroup;
			children = (
				A2000001101A0001 /* ConfigManagerTests.swift */,
				A2000002101A0001 /* AgentEventTests.swift */,
				BE7DAA46AABB3E61631E6C57 /* NativeLoaderImplTests.swift */,
			);
			path = EdgeAgentTests;
			sourceTree = "<group>";
		};
/* End PBXGroup section */

/* Begin PBXNativeTarget section */
		A1000000401A0001 /* EdgeAgent */ = {
			isa = PBXNativeTarget;
			buildConfigurationList = A1000000601A0001 /* Build configuration list for PBXNativeTarget "EdgeAgent" */;
			buildPhases = (
				A1000000501A0001 /* Sources */,
				A1000000301A0001 /* Frameworks */,
				A1000000701A0001 /* Resources */,
			);
			buildRules = (
			);
			dependencies = (
			);
			name = EdgeAgent;
			packageProductDependencies = (
				B1000001101A0001 /* MCP */,
				B2000001101A0001 /* WasmKit */,
				B2000002101A0001 /* WASI */,
			);
			productName = EdgeAgent;
			productReference = A1000000101A0001 /* EdgeAgent.app */;
			productType = "com.apple.product-type.application";
		};
		A2000000401A0001 /* EdgeAgentTests */ = {
			isa = PBXNativeTarget;
			buildConfigurationList = A2000000601A0001 /* Build configuration list for PBXNativeTarget "EdgeAgentTests" */;
			buildPhases = (
				A2000000501A0001 /* Sources */,
				A2000000301A0001 /* Frameworks */,
				A2000000701A0001 /* Resources */,
			);
			buildRules = (
			);
			dependencies = (
				A2000004101A0001 /* PBXTargetDependency */,
			);
			name = EdgeAgentTests;
			productName = EdgeAgentTests;
			productReference = A2000000101A0001 /* EdgeAgentTests.xctest */;
			productType = "com.apple.product-type.bundle.unit-test";
		};
/* End PBXNativeTarget section */

/* Begin PBXProject section */
		A1000000801A0001 /* Project object */ = {
			isa = PBXProject;
			attributes = {
				BuildIndependentTargetsInParallel = 1;
				LastSwiftUpdateCheck = 1500;
				LastUpgradeCheck = 1500;
				TargetAttributes = {
					A1000000401A0001 = {
						CreatedOnToolsVersion = 15.0;
					};
					A2000000401A0001 = {
						CreatedOnToolsVersion = 15.0;
						TestTargetID = A1000000401A0001;
					};
				};
			};
			buildConfigurationList = A1000000901A0001 /* Build configuration list for PBXProject "EdgeAgent" */;
			compatibilityVersion = "Xcode 14.0";
			developmentRegion = en;
			hasScannedForEncodings = 0;
			knownRegions = (
				en,
				Base,
			);
			mainGroup = A1000000001A0001;
			packageReferences = (
				B1000000101A0001 /* XCRemoteSwiftPackageReference "swift-sdk" */,
				B2000000101A0001 /* XCRemoteSwiftPackageReference "WasmKit" */,
			);
			productRefGroup = A1000000021A0001 /* Products */;
			projectDirPath = "";
			projectRoot = "";
			targets = (
				A1000000401A0001 /* EdgeAgent */,
				A2000000401A0001 /* EdgeAgentTests */,
			);
		};
/* End PBXProject section */

/* Begin PBXResourcesBuildPhase section */
		A1000000701A0001 /* Resources */ = {
			isa = PBXResourcesBuildPhase;
			buildActionMask = 2147483647;
			files = (
				A1000008201A0001 /* Assets.xcassets in Resources */,
				A1000009201A0001 /* WebRuntime in Resources */,
			);
			runOnlyForDeploymentPostprocessing = 0;
		};
		A2000000701A0001 /* Resources */ = {
			isa = PBXResourcesBuildPhase;
			buildActionMask = 2147483647;
			files = (
			);
			runOnlyForDeploymentPostprocessing = 0;
		};
/* End PBXResourcesBuildPhase section */

/* Begin PBXSourcesBuildPhase section */
		A1000000501A0001 /* Sources */ = {
			isa = PBXSourcesBuildPhase;
			buildActionMask = 2147483647;
			files = (
				A1000001201A0001 /* EdgeAgentApp.swift in Sources */,
				A1000002201A0001 /* ConfigManager.swift in Sources */,
				A1000003201A0001 /* AgentEvent.swift in Sources */,
				A1000005201A0001 /* SettingsView.swift in Sources */,
				A1000010201A0001 /* MealMindView.swift in Sources */,
				A1000011201A0001 /* ComponentLibrary.swift in Sources */,
				A1000012201A0001 /* MCPServer.swift in Sources */,
				C1000001201A0001 /* NativeAgentHost.swift in Sources */,
				6F96EC3EB4B6C34B89C6AB0C /* WASISignatures.swift in Sources */,
				F1000001201A0001 /* MCPSignatures.swift in Sources */,
				9DFA1BAC1BE6FBA70A8D19E2 /* Log.swift in Sources */,
				D1000001201A0001 /* WasmKitTypes.swift in Sources */,
				G1000001201A0001 /* SharedWASIImports.swift in Sources */,
				H1000001201A0001 /* SandboxFilesystem.swift in Sources */,
				I1000001201A0001 /* LazyModuleRegistry.swift in Sources */,
				J1000001201A0001 /* WASMLazyProcess.swift in Sources */,
				E1000001201A0001 /* NativeMCPHost.swift in Sources */,
				6BF183642097D4DABEB3EEC2 /* NativeLoaderImpl.swift in Sources */,
				DE0617F43D14F9676C1474AC /* ModuleLoaderProvider.swift in Sources */,
				C92F94B3507A83BDB147C399 /* ClocksProvider.swift in Sources */,
				F9AF9C12A3AADFD882A67B06 /* CliProvider.swift in Sources */,
				2CA4BAB444416E9FE42A75C2 /* HttpOutgoingHandlerProvider.swift in Sources */,
				F19F02F80A4CAAC373D32F3A /* HttpTypesProvider.swift in Sources */,
				907221EEAFFB26761CF54809 /* IoErrorProvider.swift in Sources */,
				DDAEB600AEA9BC272C5AF6A1 /* IoPollProvider.swift in Sources */,
				4D5544423630538E9DE6C073 /* IoStreamsProvider.swift in Sources */,
				68FED53B5EA45B371A6D0822 /* RandomProvider.swift in Sources */,
				28A31EBA52AE66EC97DB23D3 /* SocketsProvider.swift in Sources */,
				09596547996FFACB30242F7B /* WASIProvider.swift in Sources */,
				9FAB91D72CF8887F6D937BBB /* GeneratedWASMImports.swift in Sources */,
				299551613970FB3C32EDE75C /* WASIImportRegistry.swift in Sources */,
				10E5F05345D327A51767F2C8 /* Preview1Provider.swift in Sources */,
			);
			runOnlyForDeploymentPostprocessing = 0;
		};
		A2000000501A0001 /* Sources */ = {
			isa = PBXSourcesBuildPhase;
			buildActionMask = 2147483647;
			files = (
				A2000001201A0001 /* ConfigManagerTests.swift in Sources */,
				A2000002201A0001 /* AgentEventTests.swift in Sources */,
				B4B63E0F18B169C07EF597D5 /* NativeLoaderImplTests.swift in Sources */,
			);
			runOnlyForDeploymentPostprocessing = 0;
		};
/* End PBXSourcesBuildPhase section */

/* Begin PBXTargetDependency section */
		A2000004101A0001 /* PBXTargetDependency */ = {
			isa = PBXTargetDependency;
			target = A1000000401A0001 /* EdgeAgent */;
			targetProxy = A2000003101A0001 /* PBXContainerItemProxy */;
		};
/* End PBXTargetDependency section */

/* Begin XCBuildConfiguration section */
		A1000000A01A0001 /* Debug */ = {
			isa = XCBuildConfiguration;
			buildSettings = {
				ALWAYS_SEARCH_USER_PATHS = NO;
				ASSETCATALOG_COMPILER_APPICON_NAME = AppIcon;
				ASSETCATALOG_COMPILER_GLOBAL_ACCENT_COLOR_NAME = AccentColor;
				CLANG_ANALYZER_NONNULL = YES;
				CLANG_ANALYZER_NUMBER_OBJECT_CONVERSION = YES_AGGRESSIVE;
				CLANG_CXX_LANGUAGE_STANDARD = "gnu++20";
				CLANG_ENABLE_MODULES = YES;
				CLANG_ENABLE_OBJC_ARC = YES;
				CLANG_ENABLE_OBJC_WEAK = YES;
				CLANG_WARN_BLOCK_CAPTURE_AUTORELEASING = YES;
				CLANG_WARN_BOOL_CONVERSION = YES;
				CLANG_WARN_COMMA = YES;
				CLANG_WARN_CONSTANT_CONVERSION = YES;
				CLANG_WARN_DEPRECATED_OBJC_IMPLEMENTATIONS = YES;
				CLANG_WARN_DIRECT_OBJC_ISA_USAGE = YES_ERROR;
				CLANG_WARN_DOCUMENTATION_COMMENTS = YES;
				CLANG_WARN_EMPTY_BODY = YES;
				CLANG_WARN_ENUM_CONVERSION = YES;
				CLANG_WARN_INFINITE_RECURSION = YES;
				CLANG_WARN_INT_CONVERSION = YES;
				CLANG_WARN_NON_LITERAL_NULL_CONVERSION = YES;
				CLANG_WARN_OBJC_IMPLICIT_RETAIN_SELF = YES;
				CLANG_WARN_OBJC_LITERAL_CONVERSION = YES;
				CLANG_WARN_OBJC_ROOT_CLASS = YES_ERROR;
				CLANG_WARN_QUOTED_INCLUDE_IN_FRAMEWORK_HEADER = YES;
				CLANG_WARN_RANGE_LOOP_ANALYSIS = YES;
				CLANG_WARN_STRICT_PROTOTYPES = YES;
				CLANG_WARN_SUSPICIOUS_MOVE = YES;
				CLANG_WARN_UNGUARDED_AVAILABILITY = YES_AGGRESSIVE;
				CLANG_WARN_UNREACHABLE_CODE = YES;
				CLANG_WARN__DUPLICATE_METHOD_MATCH = YES;
				COPY_PHASE_STRIP = NO;
				DEBUG_INFORMATION_FORMAT = dwarf;
				ENABLE_STRICT_OBJC_MSGSEND = YES;
				ENABLE_TESTABILITY = YES;
				ENABLE_USER_SCRIPT_SANDBOXING = YES;
				GCC_C_LANGUAGE_STANDARD = gnu17;
				GCC_DYNAMIC_NO_PIC = NO;
				GCC_NO_COMMON_BLOCKS = YES;
				GCC_OPTIMIZATION_LEVEL = 0;
				GCC_PREPROCESSOR_DEFINITIONS = (
					"DEBUG=1",
					"$(inherited)",
				);
				GCC_WARN_64_TO_32_BIT_CONVERSION = YES;
				GCC_WARN_ABOUT_RETURN_TYPE = YES_ERROR;
				GCC_WARN_UNDECLARED_SELECTOR = YES;
				GCC_WARN_UNINITIALIZED_AUTOS = YES_AGGRESSIVE;
				GCC_WARN_UNUSED_FUNCTION = YES;
				GCC_WARN_UNUSED_VARIABLE = YES;
				IPHONEOS_DEPLOYMENT_TARGET = 18.0;
				LOCALIZATION_PREFERS_STRING_CATALOGS = YES;
				MTL_ENABLE_DEBUG_INFO = INCLUDE_SOURCE;
				MTL_FAST_MATH = YES;
				ONLY_ACTIVE_ARCH = YES;
				SDKROOT = iphoneos;
				SWIFT_ACTIVE_COMPILATION_CONDITIONS = "DEBUG $(inherited)";
				SWIFT_OPTIMIZATION_LEVEL = "-Onone";
			};
			name = Debug;
		};
		A1000000B01A0001 /* Release */ = {
			isa = XCBuildConfiguration;
			buildSettings = {
				ALWAYS_SEARCH_USER_PATHS = NO;
				ASSETCATALOG_COMPILER_APPICON_NAME = AppIcon;
				ASSETCATALOG_COMPILER_GLOBAL_ACCENT_COLOR_NAME = AccentColor;
				CLANG_ANALYZER_NONNULL = YES;
				CLANG_ANALYZER_NUMBER_OBJECT_CONVERSION = YES_AGGRESSIVE;
				CLANG_CXX_LANGUAGE_STANDARD = "gnu++20";
				CLANG_ENABLE_MODULES = YES;
				CLANG_ENABLE_OBJC_ARC = YES;
				CLANG_ENABLE_OBJC_WEAK = YES;
				CLANG_WARN_BLOCK_CAPTURE_AUTORELEASING = YES;
				CLANG_WARN_BOOL_CONVERSION = YES;
				CLANG_WARN_COMMA = YES;
				CLANG_WARN_CONSTANT_CONVERSION = YES;
				CLANG_WARN_DEPRECATED_OBJC_IMPLEMENTATIONS = YES;
				CLANG_WARN_DIRECT_OBJC_ISA_USAGE = YES_ERROR;
				CLANG_WARN_DOCUMENTATION_COMMENTS = YES;
				CLANG_WARN_EMPTY_BODY = YES;
				CLANG_WARN_ENUM_CONVERSION = YES;
				CLANG_WARN_INFINITE_RECURSION = YES;
				CLANG_WARN_INT_CONVERSION = YES;
				CLANG_WARN_NON_LITERAL_NULL_CONVERSION = YES;
				CLANG_WARN_OBJC_IMPLICIT_RETAIN_SELF = YES;
				CLANG_WARN_OBJC_LITERAL_CONVERSION = YES;
				CLANG_WARN_OBJC_ROOT_CLASS = YES_ERROR;
				CLANG_WARN_QUOTED_INCLUDE_IN_FRAMEWORK_HEADER = YES;
				CLANG_WARN_RANGE_LOOP_ANALYSIS = YES;
				CLANG_WARN_STRICT_PROTOTYPES = YES;
				CLANG_WARN_SUSPICIOUS_MOVE = YES;
				CLANG_WARN_UNGUARDED_AVAILABILITY = YES_AGGRESSIVE;
				CLANG_WARN_UNREACHABLE_CODE = YES;
				CLANG_WARN__DUPLICATE_METHOD_MATCH = YES;
				COPY_PHASE_STRIP = NO;
				DEBUG_INFORMATION_FORMAT = "dwarf-with-dsym";
				ENABLE_NS_ASSERTIONS = NO;
				ENABLE_STRICT_OBJC_MSGSEND = YES;
				ENABLE_USER_SCRIPT_SANDBOXING = YES;
				GCC_C_LANGUAGE_STANDARD = gnu17;
				GCC_NO_COMMON_BLOCKS = YES;
				GCC_WARN_64_TO_32_BIT_CONVERSION = YES;
				GCC_WARN_ABOUT_RETURN_TYPE = YES_ERROR;
				GCC_WARN_UNDECLARED_SELECTOR = YES;
				GCC_WARN_UNINITIALIZED_AUTOS = YES_AGGRESSIVE;
				GCC_WARN_UNUSED_FUNCTION = YES;
				GCC_WARN_UNUSED_VARIABLE = YES;
				IPHONEOS_DEPLOYMENT_TARGET = 18.0;
				LOCALIZATION_PREFERS_STRING_CATALOGS = YES;
				MTL_ENABLE_DEBUG_INFO = NO;
				MTL_FAST_MATH = YES;
				SDKROOT = iphoneos;
				SWIFT_COMPILATION_MODE = wholemodule;
				VALIDATE_PRODUCT = YES;
			};
			name = Release;
		};
		A1000000C01A0001 /* Debug */ = {
			isa = XCBuildConfiguration;
			buildSettings = {
				CODE_SIGN_STYLE = Automatic;
				CURRENT_PROJECT_VERSION = 1;
				DEVELOPMENT_TEAM = "";
				GENERATE_INFOPLIST_FILE = YES;
				INFOPLIST_FILE = EdgeAgent/Info.plist;
				INFOPLIST_KEY_UIApplicationSceneManifest_Generation = YES;
				INFOPLIST_KEY_UIApplicationSupportsIndirectInputEvents = YES;
				INFOPLIST_KEY_UILaunchScreen_Generation = YES;
				INFOPLIST_KEY_UISupportedInterfaceOrientations_iPad = "UIInterfaceOrientationPortrait UIInterfaceOrientationPortraitUpsideDown UIInterfaceOrientationLandscapeLeft UIInterfaceOrientationLandscapeRight";
				INFOPLIST_KEY_UISupportedInterfaceOrientations_iPhone = "UIInterfaceOrientationPortrait UIInterfaceOrientationLandscapeLeft UIInterfaceOrientationLandscapeRight";
				LD_RUNPATH_SEARCH_PATHS = (
					"$(inherited)",
					"@executable_path/Frameworks",
				);
				MARKETING_VERSION = 1.0;
				PRODUCT_BUNDLE_IDENTIFIER = com.webagent.edgeagent;
				PRODUCT_NAME = "$(TARGET_NAME)";
				SWIFT_EMIT_LOC_STRINGS = YES;
				SWIFT_VERSION = 5.0;
				TARGETED_DEVICE_FAMILY = "1,2";
			};
			name = Debug;
		};
		A1000000D01A0001 /* Release */ = {
			isa = XCBuildConfiguration;
			buildSettings = {
				CODE_SIGN_STYLE = Automatic;
				CURRENT_PROJECT_VERSION = 1;
				DEVELOPMENT_TEAM = "";
				GENERATE_INFOPLIST_FILE = YES;
				INFOPLIST_FILE = EdgeAgent/Info.plist;
				INFOPLIST_KEY_UIApplicationSceneManifest_Generation = YES;
				INFOPLIST_KEY_UIApplicationSupportsIndirectInputEvents = YES;
				INFOPLIST_KEY_UILaunchScreen_Generation = YES;
				INFOPLIST_KEY_UISupportedInterfaceOrientations_iPad = "UIInterfaceOrientationPortrait UIInterfaceOrientationPortraitUpsideDown UIInterfaceOrientationLandscapeLeft UIInterfaceOrientationLandscapeRight";
				INFOPLIST_KEY_UISupportedInterfaceOrientations_iPhone = "UIInterfaceOrientationPortrait UIInterfaceOrientationLandscapeLeft UIInterfaceOrientationLandscapeRight";
				LD_RUNPATH_SEARCH_PATHS = (
					"$(inherited)",
					"@executable_path/Frameworks",
				);
				MARKETING_VERSION = 1.0;
				PRODUCT_BUNDLE_IDENTIFIER = com.webagent.edgeagent;
				PRODUCT_NAME = "$(TARGET_NAME)";
				SWIFT_EMIT_LOC_STRINGS = YES;
				SWIFT_VERSION = 5.0;
				TARGETED_DEVICE_FAMILY = "1,2";
			};
			name = Release;
		};
		A2000000C01A0001 /* Debug */ = {
			isa = XCBuildConfiguration;
			buildSettings = {
				BUNDLE_LOADER = "$(TEST_HOST)";
				CODE_SIGN_STYLE = Automatic;
				CURRENT_PROJECT_VERSION = 1;
				DEVELOPMENT_TEAM = "";
				GENERATE_INFOPLIST_FILE = YES;
				IPHONEOS_DEPLOYMENT_TARGET = 18.0;
				MARKETING_VERSION = 1.0;
				PRODUCT_BUNDLE_IDENTIFIER = com.webagent.edgeagent.tests;
				PRODUCT_NAME = "$(TARGET_NAME)";
				SWIFT_EMIT_LOC_STRINGS = NO;
				SWIFT_VERSION = 5.0;
				TARGETED_DEVICE_FAMILY = "1,2";
				TEST_HOST = "$(BUILT_PRODUCTS_DIR)/EdgeAgent.app/$(BUNDLE_EXECUTABLE_FOLDER_PATH)/EdgeAgent";
			};
			name = Debug;
		};
		A2000000D01A0001 /* Release */ = {
			isa = XCBuildConfiguration;
			buildSettings = {
				BUNDLE_LOADER = "$(TEST_HOST)";
				CODE_SIGN_STYLE = Automatic;
				CURRENT_PROJECT_VERSION = 1;
				DEVELOPMENT_TEAM = "";
				GENERATE_INFOPLIST_FILE = YES;
				IPHONEOS_DEPLOYMENT_TARGET = 18.0;
				MARKETING_VERSION = 1.0;
				PRODUCT_BUNDLE_IDENTIFIER = com.webagent.edgeagent.tests;
				PRODUCT_NAME = "$(TARGET_NAME)";
				SWIFT_EMIT_LOC_STRINGS = NO;
				SWIFT_VERSION = 5.0;
				TARGETED_DEVICE_FAMILY = "1,2";
				TEST_HOST = "$(BUILT_PRODUCTS_DIR)/EdgeAgent.app/$(BUNDLE_EXECUTABLE_FOLDER_PATH)/EdgeAgent";
			};
			name = Release;
		};
/* End XCBuildConfiguration section */

/* Begin XCConfigurationList section */
		A1000000601A0001 /* Build configuration list for PBXNativeTarget "EdgeAgent" */ = {
			isa = XCConfigurationList;
			buildConfigurations = (
				A1000000C01A0001 /* Debug */,
				A1000000D01A0001 /* Release */,
			);
			defaultConfigurationIsVisible = 0;
			defaultConfigurationName = Release;
		};
		A1000000901A0001 /* Build configuration list for PBXProject "EdgeAgent" */ = {
			isa = XCConfigurationList;
			buildConfigurations = (
				A1000000A01A0001 /* Debug */,
				A1000000B01A0001 /* Release */,
			);
			defaultConfigurationIsVisible = 0;
			defaultConfigurationName = Release;
		};
		A2000000601A0001 /* Build configuration list for PBXNativeTarget "EdgeAgentTests" */ = {
			isa = XCConfigurationList;
			buildConfigurations = (
				A2000000C01A0001 /* Debug */,
				A2000000D01A0001 /* Release */,
			);
			defaultConfigurationIsVisible = 0;
			defaultConfigurationName = Release;
		};
/* End XCConfigurationList section */

/* Begin XCRemoteSwiftPackageReference section */
		B1000000101A0001 /* XCRemoteSwiftPackageReference "swift-sdk" */ = {
			isa = XCRemoteSwiftPackageReference;
			repositoryURL = "https://github.com/modelcontextprotocol/swift-sdk.git";
			requirement = {
				kind = upToNextMajorVersion;
				minimumVersion = 0.8.2;
			};
		};
		B2000000101A0001 /* XCRemoteSwiftPackageReference "WasmKit" */ = {
			isa = XCRemoteSwiftPackageReference;
			repositoryURL = "https://github.com/swiftwasm/WasmKit.git";
			requirement = {
				branch = main;
				kind = branch;
			};
		};
/* End XCRemoteSwiftPackageReference section */

/* Begin XCSwiftPackageProductDependency section */
		B1000001101A0001 /* MCP */ = {
			isa = XCSwiftPackageProductDependency;
			package = B1000000101A0001 /* XCRemoteSwiftPackageReference "swift-sdk" */;
			productName = MCP;
		};
		B2000001101A0001 /* WasmKit */ = {
			isa = XCSwiftPackageProductDependency;
			package = B2000000101A0001 /* XCRemoteSwiftPackageReference "WasmKit" */;
			productName = WasmKit;
		};
		B2000002101A0001 /* WASI */ = {
			isa = XCSwiftPackageProductDependency;
			package = B2000000101A0001 /* XCRemoteSwiftPackageReference "WasmKit" */;
			productName = WASI;
		};
/* End XCSwiftPackageProductDependency section */
	};
	rootObject = A1000000801A0001 /* Project object */;
}
